
Microsoft Visual Studio Solution File, Format Version 12.00
# Visual Studio 15
VisualStudioVersion = 15.0.28307.106
MinimumVisualStudioVersion = 10.0.40219.1
Project("{FAE04EC0-301F-11D3-BF4B-00C04F79EFBC}") = "EladInon", "EladInon\EladInon.csproj", "{1BAAB899-D407-4AB5-9B1D-F96AF19934A0}"
EndProject
Global
	GlobalSection(SolutionConfigurationPlatforms) = preSolution
		Debug|Any CPU = Debug|Any CPU
		Release|Any CPU = Release|Any CPU
	EndGlobalSection
	GlobalSection(ProjectConfigurationPlatforms) = postSolution
		{1BAAB899-D407-4AB5-9B1D-F96AF19934A0}.Debug|Any CPU.ActiveCfg = Debug|Any CPU
		{1BAAB899-D407-4AB5-9B1D-F96AF19934A0}.Debug|Any CPU.Build.0 = Debug|Any CPU
		{1BAAB899-D407-4AB5-9B1D-F96AF19934A0}.Release|Any CPU.ActiveCfg = Release|Any CPU
		{1BAAB899-D407-4AB5-9B1D-F96AF19934A0}.Release|Any CPU.Build.0 = Release|Any CPU
	EndGlobalSection
	GlobalSection(SolutionProperties) = preSolution
		HideSolutionNode = FALSE
	EndGlobalSection
	GlobalSection(ExtensibilityGlobals) = postSolution
		SolutionGuid = {D7CFD030-7BCA-49AE-A54F-8B248D887980}
	EndGlobalSection
EndGlobal
